
Microsoft Visual Studio Solution File, Format Version 12.00
# Visual Studio Version 17
VisualStudioVersion = 17.10.35027.167
MinimumVisualStudioVersion = 10.0.40219.1
Project("{FAE04EC0-301F-11D3-BF4B-00C04F79EFBC}") = "employee data", "employee data\employee data.csproj", "{3BDD654E-214A-4BA8-9E64-197DA9CDC506}"
EndProject
Global
	GlobalSection(SolutionConfigurationPlatforms) = preSolution
		Debug|Any CPU = Debug|Any CPU
		Release|Any CPU = Release|Any CPU
	EndGlobalSection
	GlobalSection(ProjectConfigurationPlatforms) = postSolution
		{3BDD654E-214A-4BA8-9E64-197DA9CDC506}.Debug|Any CPU.ActiveCfg = Debug|Any CPU
		{3BDD654E-214A-4BA8-9E64-197DA9CDC506}.Debug|Any CPU.Build.0 = Debug|Any CPU
		{3BDD654E-214A-4BA8-9E64-197DA9CDC506}.Release|Any CPU.ActiveCfg = Release|Any CPU
		{3BDD654E-214A-4BA8-9E64-197DA9CDC506}.Release|Any CPU.Build.0 = Release|Any CPU
	EndGlobalSection
	GlobalSection(SolutionProperties) = preSolution
		HideSolutionNode = FALSE
	EndGlobalSection
	GlobalSection(ExtensibilityGlobals) = postSolution
		SolutionGuid = {7579C285-A369-46E6-856B-8204B188B492}
	EndGlobalSection
EndGlobal
